
Microsoft Visual Studio Solution File, Format Version 11.00
# Visual Studio 2010
Project("{8BC9CEB8-8B4A-11D0-8D11-00A0C91BC942}") = "RTSPTestServer", "RTSPTestServer.vcxproj", "{AA7489FF-D6C4-4D3A-A5F3-CDDB6ECDA3C1}"
EndProject
Global
	GlobalSection(SolutionConfigurationPlatforms) = preSolution
		Debug|Win32 = Debug|Win32
		Release|Win32 = Release|Win32
	EndGlobalSection
	GlobalSection(ProjectConfigurationPlatforms) = postSolution
		{AA7489FF-D6C4-4D3A-A5F3-CDDB6ECDA3C1}.Debug|Win32.ActiveCfg = Debug|Win32
		{AA7489FF-D6C4-4D3A-A5F3-CDDB6ECDA3C1}.Debug|Win32.Build.0 = Debug|Win32
		{AA7489FF-D6C4-4D3A-A5F3-CDDB6ECDA3C1}.Release|Win32.ActiveCfg = Release|Win32
		{AA7489FF-D6C4-4D3A-A5F3-CDDB6ECDA3C1}.Release|Win32.Build.0 = Release|Win32
	EndGlobalSection
	GlobalSection(SolutionProperties) = preSolution
		HideSolutionNode = FALSE
	EndGlobalSection
EndGlobal
